// !$*UTF8*$!
{
	archiveVersion = 1;
	classes = {
	};
	objectVersion = 50;
	objects = {

/* Begin PBXBuildFile section */
		F18D2C6B2644F1E100C6C1E0 /* ViewControllerTwo.swift in Sources */ = {isa = PBXBuildFile; fileRef = F18D2C6A2644F1E100C6C1E0 /* ViewControllerTwo.swift */; };
		F18D2C762644F1FD00C6C1E0 /* ViewControllerThree.swift in Sources */ = {isa = PBXBuildFile; fileRef = F18D2C752644F1FD00C6C1E0 /* ViewControllerThree.swift */; };
		F18D2C7B2644F20D00C6C1E0 /* ViewControllerFour.swift in Sources */ = {isa = PBXBuildFile; fileRef = F18D2C7A2644F20D00C6C1E0 /* ViewControllerFour.swift */; };
		F18D2C802644F21B00C6C1E0 /* ViewControllerFive.swift in Sources */ = {isa = PBXBuildFile; fileRef = F18D2C7F2644F21B00C6C1E0 /* ViewControllerFive.swift */; };
		F18D2C852644F22700C6C1E0 /* ViewControllerSix.swift in Sources */ = {isa = PBXBuildFile; fileRef = F18D2C842644F22700C6C1E0 /* ViewControllerSix.swift */; };
		F18D2C8A2644F23900C6C1E0 /* ViewControllerSeven.swift in Sources */ = {isa = PBXBuildFile; fileRef = F18D2C892644F23900C6C1E0 /* ViewControllerSeven.swift */; };
		F18D2C8F2644F24F00C6C1E0 /* ViewControllerEight.swift in Sources */ = {isa = PBXBuildFile; fileRef = F18D2C8E2644F24F00C6C1E0 /* ViewControllerEight.swift */; };
		F18D2C942644FBE800C6C1E0 /* ViewControllerNine.swift in Sources */ = {isa = PBXBuildFile; fileRef = F18D2C932644FBE800C6C1E0 /* ViewControllerNine.swift */; };
		F18D2C9C264517F900C6C1E0 /* globalList.swift in Sources */ = {isa = PBXBuildFile; fileRef = F18D2C9B264517F900C6C1E0 /* globalList.swift */; };
		F18D2CA12645221900C6C1E0 /* ViewControllerTen.swift in Sources */ = {isa = PBXBuildFile; fileRef = F18D2CA02645221900C6C1E0 /* ViewControllerTen.swift */; };
		F1C15A0B263B67BB00E1FE3E /* AppDelegate.swift in Sources */ = {isa = PBXBuildFile; fileRef = F1C15A0A263B67BB00E1FE3E /* AppDelegate.swift */; };
		F1C15A0D263B67BB00E1FE3E /* SceneDelegate.swift in Sources */ = {isa = PBXBuildFile; fileRef = F1C15A0C263B67BB00E1FE3E /* SceneDelegate.swift */; };
		F1C15A0F263B67BB00E1FE3E /* ViewController.swift in Sources */ = {isa = PBXBuildFile; fileRef = F1C15A0E263B67BB00E1FE3E /* ViewController.swift */; };
		F1C15A12263B67BC00E1FE3E /* Main.storyboard in Resources */ = {isa = PBXBuildFile; fileRef = F1C15A10263B67BC00E1FE3E /* Main.storyboard */; };
		F1C15A14263B67FB00E1FE3E /* Assets.xcassets in Resources */ = {isa = PBXBuildFile; fileRef = F1C15A13263B67FB00E1FE3E /* Assets.xcassets */; };
		F1C15A17263B67FB00E1FE3E /* LaunchScreen.storyboard in Resources */ = {isa = PBXBuildFile; fileRef = F1C15A15263B67FB00E1FE3E /* LaunchScreen.storyboard */; };
		F1C15A22263B680300E1FE3E /* MyHelperAppbyFraineTests.swift in Sources */ = {isa = PBXBuildFile; fileRef = F1C15A21263B680300E1FE3E /* MyHelperAppbyFraineTests.swift */; };
		F1C15A2D263B680400E1FE3E /* MyHelperAppbyFraineUITests.swift in Sources */ = {isa = PBXBuildFile; fileRef = F1C15A2C263B680400E1FE3E /* MyHelperAppbyFraineUITests.swift */; };
/* End PBXBuildFile section */

/* Begin PBXContainerItemProxy section */
		F1C15A1E263B680300E1FE3E /* PBXContainerItemProxy */ = {
			isa = PBXContainerItemProxy;
			containerPortal = F1C159FF263B67BA00E1FE3E /* Project object */;
			proxyType = 1;
			remoteGlobalIDString = F1C15A06263B67BA00E1FE3E;
			remoteInfo = MyHelperAppbyFraine;
		};
		F1C15A29263B680400E1FE3E /* PBXContainerItemProxy */ = {
			isa = PBXContainerItemProxy;
			containerPortal = F1C159FF263B67BA00E1FE3E /* Project object */;
			proxyType = 1;
			remoteGlobalIDString = F1C15A06263B67BA00E1FE3E;
			remoteInfo = MyHelperAppbyFraine;
		};
/* End PBXContainerItemProxy section */

/* Begin PBXFileReference section */
		F18D2C6A2644F1E100C6C1E0 /* ViewControllerTwo.swift */ = {isa = PBXFileReference; lastKnownFileType = sourcecode.swift; path = ViewControllerTwo.swift; sourceTree = "<group>"; };
		F18D2C752644F1FD00C6C1E0 /* ViewControllerThree.swift */ = {isa = PBXFileReference; lastKnownFileType = sourcecode.swift; path = ViewControllerThree.swift; sourceTree = "<group>"; };
		F18D2C7A2644F20D00C6C1E0 /* ViewControllerFour.swift */ = {isa = PBXFileReference; lastKnownFileType = sourcecode.swift; path = ViewControllerFour.swift; sourceTree = "<group>"; };
		F18D2C7F2644F21B00C6C1E0 /* ViewControllerFive.swift */ = {isa = PBXFileReference; lastKnownFileType = sourcecode.swift; path = ViewControllerFive.swift; sourceTree = "<group>"; };
		F18D2C842644F22700C6C1E0 /* ViewControllerSix.swift */ = {isa = PBXFileReference; lastKnownFileType = sourcecode.swift; path = ViewControllerSix.swift; sourceTree = "<group>"; };
		F18D2C892644F23900C6C1E0 /* ViewControllerSeven.swift */ = {isa = PBXFileReference; lastKnownFileType = sourcecode.swift; path = ViewControllerSeven.swift; sourceTree = "<group>"; };
		F18D2C8E2644F24F00C6C1E0 /* ViewControllerEight.swift */ = {isa = PBXFileReference; lastKnownFileType = sourcecode.swift; path = ViewControllerEight.swift; sourceTree = "<group>"; };
		F18D2C932644FBE800C6C1E0 /* ViewControllerNine.swift */ = {isa = PBXFileReference; lastKnownFileType = sourcecode.swift; path = ViewControllerNine.swift; sourceTree = "<group>"; };
		F18D2C9B264517F900C6C1E0 /* globalList.swift */ = {isa = PBXFileReference; lastKnownFileType = sourcecode.swift; path = globalList.swift; sourceTree = "<group>"; };
		F18D2CA02645221900C6C1E0 /* ViewControllerTen.swift */ = {isa = PBXFileReference; lastKnownFileType = sourcecode.swift; path = ViewControllerTen.swift; sourceTree = "<group>"; };
		F1C15A07263B67BA00E1FE3E /* MyHelperAppbyFraine.app */ = {isa = PBXFileReference; explicitFileType = wrapper.application; includeInIndex = 0; path = MyHelperAppbyFraine.app; sourceTree = BUILT_PRODUCTS_DIR; };
		F1C15A0A263B67BB00E1FE3E /* AppDelegate.swift */ = {isa = PBXFileReference; lastKnownFileType = sourcecode.swift; path = AppDelegate.swift; sourceTree = "<group>"; };
		F1C15A0C263B67BB00E1FE3E /* SceneDelegate.swift */ = {isa = PBXFileReference; lastKnownFileType = sourcecode.swift; path = SceneDelegate.swift; sourceTree = "<group>"; };
		F1C15A0E263B67BB00E1FE3E /* ViewController.swift */ = {isa = PBXFileReference; lastKnownFileType = sourcecode.swift; path = ViewController.swift; sourceTree = "<group>"; };
		F1C15A11263B67BC00E1FE3E /* Base */ = {isa = PBXFileReference; lastKnownFileType = file.storyboard; name = Base; path = Base.lproj/Main.storyboard; sourceTree = "<group>"; };
		F1C15A13263B67FB00E1FE3E /* Assets.xcassets */ = {isa = PBXFileReference; lastKnownFileType = folder.assetcatalog; path = Assets.xcassets; sourceTree = "<group>"; };
		F1C15A16263B67FB00E1FE3E /* Base */ = {isa = PBXFileReference; lastKnownFileType = file.storyboard; name = Base; path = Base.lproj/LaunchScreen.storyboard; sourceTree = "<group>"; };
		F1C15A18263B67FB00E1FE3E /* Info.plist */ = {isa = PBXFileReference; lastKnownFileType = text.plist.xml; path = Info.plist; sourceTree = "<group>"; };
		F1C15A1D263B680300E1FE3E /* MyHelperAppbyFraineTests.xctest */ = {isa = PBXFileReference; explicitFileType = wrapper.cfbundle; includeInIndex = 0; path = MyHelperAppbyFraineTests.xctest; sourceTree = BUILT_PRODUCTS_DIR; };
		F1C15A21263B680300E1FE3E /* MyHelperAppbyFraineTests.swift */ = {isa = PBXFileReference; lastKnownFileType = sourcecode.swift; path = MyHelperAppbyFraineTests.swift; sourceTree = "<group>"; };
		F1C15A23263B680300E1FE3E /* Info.plist */ = {isa = PBXFileReference; lastKnownFileType = text.plist.xml; path = Info.plist; sourceTree = "<group>"; };
		F1C15A28263B680400E1FE3E /* MyHelperAppbyFraineUITests.xctest */ = {isa = PBXFileReference; explicitFileType = wrapper.cfbundle; includeInIndex = 0; path = MyHelperAppbyFraineUITests.xctest; sourceTree = BUILT_PRODUCTS_DIR; };
		F1C15A2C263B680400E1FE3E /* MyHelperAppbyFraineUITests.swift */ = {isa = PBXFileReference; lastKnownFileType = sourcecode.swift; path = MyHelperAppbyFraineUITests.swift; sourceTree = "<group>"; };
		F1C15A2E263B680400E1FE3E /* Info.plist */ = {isa = PBXFileReference; lastKnownFileType = text.plist.xml; path = Info.plist; sourceTree = "<group>"; };
/* End PBXFileReference section */

/* Begin PBXFrameworksBuildPhase section */
		F1C15A04263B67BA00E1FE3E /* Frameworks */ = {
			isa = PBXFrameworksBuildPhase;
			buildActionMask = 2147483647;
			files = (
			);
			runOnlyForDeploymentPostprocessing = 0;
		};
		F1C15A1A263B680300E1FE3E /* Frameworks */ = {
			isa = PBXFrameworksBuildPhase;
			buildActionMask = 2147483647;
			files = (
			);
			runOnlyForDeploymentPostprocessing = 0;
		};
		F1C15A25263B680400E1FE3E /* Frameworks */ = {
			isa = PBXFrameworksBuildPhase;
			buildActionMask = 2147483647;
			files = (
			);
			runOnlyForDeploymentPostprocessing = 0;
		};
/* End PBXFrameworksBuildPhase section */

/* Begin PBXGroup section */
		F1C159FE263B67BA00E1FE3E = {
			isa = PBXGroup;
			children = (
				F1C15A09263B67BA00E1FE3E /* MyHelperAppbyFraine */,
				F1C15A20263B680300E1FE3E /* MyHelperAppbyFraineTests */,
				F1C15A2B263B680400E1FE3E /* MyHelperAppbyFraineUITests */,
				F1C15A08263B67BA00E1FE3E /* Products */,
			);
			sourceTree = "<group>";
		};
		F1C15A08263B67BA00E1FE3E /* Products */ = {
			isa = PBXGroup;
			children = (
				F1C15A07263B67BA00E1FE3E /* MyHelperAppbyFraine.app */,
				F1C15A1D263B680300E1FE3E /* MyHelperAppbyFraineTests.xctest */,
				F1C15A28263B680400E1FE3E /* MyHelperAppbyFraineUITests.xctest */,
			);
			name = Products;
			sourceTree = "<group>";
		};
		F1C15A09263B67BA00E1FE3E /* MyHelperAppbyFraine */ = {
			isa = PBXGroup;
			children = (
				F1C15A0A263B67BB00E1FE3E /* AppDelegate.swift */,
				F1C15A0C263B67BB00E1FE3E /* SceneDelegate.swift */,
				F1C15A0E263B67BB00E1FE3E /* ViewController.swift */,
				F18D2C6A2644F1E100C6C1E0 /* ViewControllerTwo.swift */,
				F18D2C752644F1FD00C6C1E0 /* ViewControllerThree.swift */,
				F18D2C7A2644F20D00C6C1E0 /* ViewControllerFour.swift */,
				F18D2C7F2644F21B00C6C1E0 /* ViewControllerFive.swift */,
				F18D2C842644F22700C6C1E0 /* ViewControllerSix.swift */,
				F18D2C892644F23900C6C1E0 /* ViewControllerSeven.swift */,
				F18D2C8E2644F24F00C6C1E0 /* ViewControllerEight.swift */,
				F18D2C932644FBE800C6C1E0 /* ViewControllerNine.swift */,
				F18D2CA02645221900C6C1E0 /* ViewControllerTen.swift */,
				F1C15A10263B67BC00E1FE3E /* Main.storyboard */,
				F18D2C9B264517F900C6C1E0 /* globalList.swift */,
				F1C15A13263B67FB00E1FE3E /* Assets.xcassets */,
				F1C15A15263B67FB00E1FE3E /* LaunchScreen.storyboard */,
				F1C15A18263B67FB00E1FE3E /* Info.plist */,
			);
			path = MyHelperAppbyFraine;
			sourceTree = "<group>";
		};
		F1C15A20263B680300E1FE3E /* MyHelperAppbyFraineTests */ = {
			isa = PBXGroup;
			children = (
				F1C15A21263B680300E1FE3E /* MyHelperAppbyFraineTests.swift */,
				F1C15A23263B680300E1FE3E /* Info.plist */,
			);
			path = MyHelperAppbyFraineTests;
			sourceTree = "<group>";
		};
		F1C15A2B263B680400E1FE3E /* MyHelperAppbyFraineUITests */ = {
			isa = PBXGroup;
			children = (
				F1C15A2C263B680400E1FE3E /* MyHelperAppbyFraineUITests.swift */,
				F1C15A2E263B680400E1FE3E /* Info.plist */,
			);
			path = MyHelperAppbyFraineUITests;
			sourceTree = "<group>";
		};
/* End PBXGroup section */

/* Begin PBXNativeTarget section */
		F1C15A06263B67BA00E1FE3E /* MyHelperAppbyFraine */ = {
			isa = PBXNativeTarget;
			buildConfigurationList = F1C15A31263B680400E1FE3E /* Build configuration list for PBXNativeTarget "MyHelperAppbyFraine" */;
			buildPhases = (
				F1C15A03263B67BA00E1FE3E /* Sources */,
				F1C15A04263B67BA00E1FE3E /* Frameworks */,
				F1C15A05263B67BA00E1FE3E /* Resources */,
			);
			buildRules = (
			);
			dependencies = (
			);
			name = MyHelperAppbyFraine;
			productName = MyHelperAppbyFraine;
			productReference = F1C15A07263B67BA00E1FE3E /* MyHelperAppbyFraine.app */;
			productType = "com.apple.product-type.application";
		};
		F1C15A1C263B680300E1FE3E /* MyHelperAppbyFraineTests */ = {
			isa = PBXNativeTarget;
			buildConfigurationList = F1C15A34263B680400E1FE3E /* Build configuration list for PBXNativeTarget "MyHelperAppbyFraineTests" */;
			buildPhases = (
				F1C15A19263B680300E1FE3E /* Sources */,
				F1C15A1A263B680300E1FE3E /* Frameworks */,
				F1C15A1B263B680300E1FE3E /* Resources */,
			);
			buildRules = (
			);
			dependencies = (
				F1C15A1F263B680300E1FE3E /* PBXTargetDependency */,
			);
			name = MyHelperAppbyFraineTests;
			productName = MyHelperAppbyFraineTests;
			productReference = F1C15A1D263B680300E1FE3E /* MyHelperAppbyFraineTests.xctest */;
			productType = "com.apple.product-type.bundle.unit-test";
		};
		F1C15A27263B680400E1FE3E /* MyHelperAppbyFraineUITests */ = {
			isa = PBXNativeTarget;
			buildConfigurationList = F1C15A37263B680400E1FE3E /* Build configuration list for PBXNativeTarget "MyHelperAppbyFraineUITests" */;
			buildPhases = (
				F1C15A24263B680400E1FE3E /* Sources */,
				F1C15A25263B680400E1FE3E /* Frameworks */,
				F1C15A26263B680400E1FE3E /* Resources */,
			);
			buildRules = (
			);
			dependencies = (
				F1C15A2A263B680400E1FE3E /* PBXTargetDependency */,
			);
			name = MyHelperAppbyFraineUITests;
			productName = MyHelperAppbyFraineUITests;
			productReference = F1C15A28263B680400E1FE3E /* MyHelperAppbyFraineUITests.xctest */;
			productType = "com.apple.product-type.bundle.ui-testing";
		};
/* End PBXNativeTarget section */

/* Begin PBXProject section */
		F1C159FF263B67BA00E1FE3E /* Project object */ = {
			isa = PBXProject;
			attributes = {
				LastSwiftUpdateCheck = 1210;
				LastUpgradeCheck = 1210;
				TargetAttributes = {
					F1C15A06263B67BA00E1FE3E = {
						CreatedOnToolsVersion = 12.1;
					};
					F1C15A1C263B680300E1FE3E = {
						CreatedOnToolsVersion = 12.1;
						TestTargetID = F1C15A06263B67BA00E1FE3E;
					};
					F1C15A27263B680400E1FE3E = {
						CreatedOnToolsVersion = 12.1;
						TestTargetID = F1C15A06263B67BA00E1FE3E;
					};
				};
			};
			buildConfigurationList = F1C15A02263B67BA00E1FE3E /* Build configuration list for PBXProject "MyHelperAppbyFraine" */;
			compatibilityVersion = "Xcode 9.3";
			developmentRegion = en;
			hasScannedForEncodings = 0;
			knownRegions = (
				en,
				Base,
			);
			mainGroup = F1C159FE263B67BA00E1FE3E;
			productRefGroup = F1C15A08263B67BA00E1FE3E /* Products */;
			projectDirPath = "";
			projectRoot = "";
			targets = (
				F1C15A06263B67BA00E1FE3E /* MyHelperAppbyFraine */,
				F1C15A1C263B680300E1FE3E /* MyHelperAppbyFraineTests */,
				F1C15A27263B680400E1FE3E /* MyHelperAppbyFraineUITests */,
			);
		};
/* End PBXProject section */

/* Begin PBXResourcesBuildPhase section */
		F1C15A05263B67BA00E1FE3E /* Resources */ = {
			isa = PBXResourcesBuildPhase;
			buildActionMask = 2147483647;
			files = (
				F1C15A17263B67FB00E1FE3E /* LaunchScreen.storyboard in Resources */,
				F1C15A14263B67FB00E1FE3E /* Assets.xcassets in Resources */,
				F1C15A12263B67BC00E1FE3E /* Main.storyboard in Resources */,
			);
			runOnlyForDeploymentPostprocessing = 0;
		};
		F1C15A1B263B680300E1FE3E /* Resources */ = {
			isa = PBXResourcesBuildPhase;
			buildActionMask = 2147483647;
			files = (
			);
			runOnlyForDeploymentPostprocessing = 0;
		};
		F1C15A26263B680400E1FE3E /* Resources */ = {
			isa = PBXResourcesBuildPhase;
			buildActionMask = 2147483647;
			files = (
			);
			runOnlyForDeploymentPostprocessing = 0;
		};
/* End PBXResourcesBuildPhase section */

/* Begin PBXSourcesBuildPhase section */
		F1C15A03263B67BA00E1FE3E /* Sources */ = {
			isa = PBXSourcesBuildPhase;
			buildActionMask = 2147483647;
			files = (
				F18D2C762644F1FD00C6C1E0 /* ViewControllerThree.swift in Sources */,
				F18D2CA12645221900C6C1E0 /* ViewControllerTen.swift in Sources */,
				F1C15A0F263B67BB00E1FE3E /* ViewController.swift in Sources */,
				F18D2C7B2644F20D00C6C1E0 /* ViewControllerFour.swift in Sources */,
				F1C15A0B263B67BB00E1FE3E /* AppDelegate.swift in Sources */,
				F1C15A0D263B67BB00E1FE3E /* SceneDelegate.swift in Sources */,
				F18D2C852644F22700C6C1E0 /* ViewControllerSix.swift in Sources */,
				F18D2C8A2644F23900C6C1E0 /* ViewControllerSeven.swift in Sources */,
				F18D2C6B2644F1E100C6C1E0 /* ViewControllerTwo.swift in Sources */,
				F18D2C9C264517F900C6C1E0 /* globalList.swift in Sources */,
				F18D2C8F2644F24F00C6C1E0 /* ViewControllerEight.swift in Sources */,
				F18D2C802644F21B00C6C1E0 /* ViewControllerFive.swift in Sources */,
				F18D2C942644FBE800C6C1E0 /* ViewControllerNine.swift in Sources */,
			);
			runOnlyForDeploymentPostprocessing = 0;
		};
		F1C15A19263B680300E1FE3E /* Sources */ = {
			isa = PBXSourcesBuildPhase;
			buildActionMask = 2147483647;
			files = (
				F1C15A22263B680300E1FE3E /* MyHelperAppbyFraineTests.swift in Sources */,
			);
			runOnlyForDeploymentPostprocessing = 0;
		};
		F1C15A24263B680400E1FE3E /* Sources */ = {
			isa = PBXSourcesBuildPhase;
			buildActionMask = 2147483647;
			files = (
				F1C15A2D263B680400E1FE3E /* MyHelperAppbyFraineUITests.swift in Sources */,
			);
			runOnlyForDeploymentPostprocessing = 0;
		};
/* End PBXSourcesBuildPhase section */

/* Begin PBXTargetDependency section */
		F1C15A1F263B680300E1FE3E /* PBXTargetDependency */ = {
			isa = PBXTargetDependency;
			target = F1C15A06263B67BA00E1FE3E /* MyHelperAppbyFraine */;
			targetProxy = F1C15A1E263B680300E1FE3E /* PBXContainerItemProxy */;
		};
		F1C15A2A263B680400E1FE3E /* PBXTargetDependency */ = {
			isa = PBXTargetDependency;
			target = F1C15A06263B67BA00E1FE3E /* MyHelperAppbyFraine */;
			targetProxy = F1C15A29263B680400E1FE3E /* PBXContainerItemProxy */;
		};
/* End PBXTargetDependency section */

/* Begin PBXVariantGroup section */
		F1C15A10263B67BC00E1FE3E /* Main.storyboard */ = {
			isa = PBXVariantGroup;
			children = (
				F1C15A11263B67BC00E1FE3E /* Base */,
			);
			name = Main.storyboard;
			sourceTree = "<group>";
		};
		F1C15A15263B67FB00E1FE3E /* LaunchScreen.storyboard */ = {
			isa = PBXVariantGroup;
			children = (
				F1C15A16263B67FB00E1FE3E /* Base */,
			);
			name = LaunchScreen.storyboard;
			sourceTree = "<group>";
		};
/* End PBXVariantGroup section */

/* Begin XCBuildConfiguration section */
		F1C15A2F263B680400E1FE3E /* Debug */ = {
			isa = XCBuildConfiguration;
			buildSettings = {
				ALWAYS_SEARCH_USER_PATHS = NO;
				CLANG_ANALYZER_NONNULL = YES;
				CLANG_ANALYZER_NUMBER_OBJECT_CONVERSION = YES_AGGRESSIVE;
				CLANG_CXX_LANGUAGE_STANDARD = "gnu++14";
				CLANG_CXX_LIBRARY = "libc++";
				CLANG_ENABLE_MODULES = YES;
				CLANG_ENABLE_OBJC_ARC = YES;
				CLANG_ENABLE_OBJC_WEAK = YES;
				CLANG_WARN_BLOCK_CAPTURE_AUTORELEASING = YES;
				CLANG_WARN_BOOL_CONVERSION = YES;
				CLANG_WARN_COMMA = YES;
				CLANG_WARN_CONSTANT_CONVERSION = YES;
				CLANG_WARN_DEPRECATED_OBJC_IMPLEMENTATIONS = YES;
				CLANG_WARN_DIRECT_OBJC_ISA_USAGE = YES_ERROR;
				CLANG_WARN_DOCUMENTATION_COMMENTS = YES;
				CLANG_WARN_EMPTY_BODY = YES;
				CLANG_WARN_ENUM_CONVERSION = YES;
				CLANG_WARN_INFINITE_RECURSION = YES;
				CLANG_WARN_INT_CONVERSION = YES;
				CLANG_WARN_NON_LITERAL_NULL_CONVERSION = YES;
				CLANG_WARN_OBJC_IMPLICIT_RETAIN_SELF = YES;
				CLANG_WARN_OBJC_LITERAL_CONVERSION = YES;
				CLANG_WARN_OBJC_ROOT_CLASS = YES_ERROR;
				CLANG_WARN_QUOTED_INCLUDE_IN_FRAMEWORK_HEADER = YES;
				CLANG_WARN_RANGE_LOOP_ANALYSIS = YES;
				CLANG_WARN_STRICT_PROTOTYPES = YES;
				CLANG_WARN_SUSPICIOUS_MOVE = YES;
				CLANG_WARN_UNGUARDED_AVAILABILITY = YES_AGGRESSIVE;
				CLANG_WARN_UNREACHABLE_CODE = YES;
				CLANG_WARN__DUPLICATE_METHOD_MATCH = YES;
				COPY_PHASE_STRIP = NO;
				DEBUG_INFORMATION_FORMAT = dwarf;
				ENABLE_STRICT_OBJC_MSGSEND = YES;
				ENABLE_TESTABILITY = YES;
				GCC_C_LANGUAGE_STANDARD = gnu11;
				GCC_DYNAMIC_NO_PIC = NO;
				GCC_NO_COMMON_BLOCKS = YES;
				GCC_OPTIMIZATION_LEVEL = 0;
				GCC_PREPROCESSOR_DEFINITIONS = (
					"DEBUG=1",
					"$(inherited)",
				);
				GCC_WARN_64_TO_32_BIT_CONVERSION = YES;
				GCC_WARN_ABOUT_RETURN_TYPE = YES_ERROR;
				GCC_WARN_UNDECLARED_SELECTOR = YES;
				GCC_WARN_UNINITIALIZED_AUTOS = YES_AGGRESSIVE;
				GCC_WARN_UNUSED_FUNCTION = YES;
				GCC_WARN_UNUSED_VARIABLE = YES;
				IPHONEOS_DEPLOYMENT_TARGET = 14.1;
				MTL_ENABLE_DEBUG_INFO = INCLUDE_SOURCE;
				MTL_FAST_MATH = YES;
				ONLY_ACTIVE_ARCH = YES;
				SDKROOT = iphoneos;
				SWIFT_ACTIVE_COMPILATION_CONDITIONS = DEBUG;
				SWIFT_OPTIMIZATION_LEVEL = "-Onone";
			};
			name = Debug;
		};
		F1C15A30263B680400E1FE3E /* Release */ = {
			isa = XCBuildConfiguration;
			buildSettings = {
				ALWAYS_SEARCH_USER_PATHS = NO;
				CLANG_ANALYZER_NONNULL = YES;
				CLANG_ANALYZER_NUMBER_OBJECT_CONVERSION = YES_AGGRESSIVE;
				CLANG_CXX_LANGUAGE_STANDARD = "gnu++14";
				CLANG_CXX_LIBRARY = "libc++";
				CLANG_ENABLE_MODULES = YES;
				CLANG_ENABLE_OBJC_ARC = YES;
				CLANG_ENABLE_OBJC_WEAK = YES;
				CLANG_WARN_BLOCK_CAPTURE_AUTORELEASING = YES;
				CLANG_WARN_BOOL_CONVERSION = YES;
				CLANG_WARN_COMMA = YES;
				CLANG_WARN_CONSTANT_CONVERSION = YES;
				CLANG_WARN_DEPRECATED_OBJC_IMPLEMENTATIONS = YES;
				CLANG_WARN_DIRECT_OBJC_ISA_USAGE = YES_ERROR;
				CLANG_WARN_DOCUMENTATION_COMMENTS = YES;
				CLANG_WARN_EMPTY_BODY = YES;
				CLANG_WARN_ENUM_CONVERSION = YES;
				CLANG_WARN_INFINITE_RECURSION = YES;
				CLANG_WARN_INT_CONVERSION = YES;
				CLANG_WARN_NON_LITERAL_NULL_CONVERSION = YES;
				CLANG_WARN_OBJC_IMPLICIT_RETAIN_SELF = YES;
				CLANG_WARN_OBJC_LITERAL_CONVERSION = YES;
				CLANG_WARN_OBJC_ROOT_CLASS = YES_ERROR;
				CLANG_WARN_QUOTED_INCLUDE_IN_FRAMEWORK_HEADER = YES;
				CLANG_WARN_RANGE_LOOP_ANALYSIS = YES;
				CLANG_WARN_STRICT_PROTOTYPES = YES;
				CLANG_WARN_SUSPICIOUS_MOVE = YES;
				CLANG_WARN_UNGUARDED_AVAILABILITY = YES_AGGRESSIVE;
				CLANG_WARN_UNREACHABLE_CODE = YES;
				CLANG_WARN__DUPLICATE_METHOD_MATCH = YES;
				COPY_PHASE_STRIP = NO;
				DEBUG_INFORMATION_FORMAT = "dwarf-with-dsym";
				ENABLE_NS_ASSERTIONS = NO;
				ENABLE_STRICT_OBJC_MSGSEND = YES;
				GCC_C_LANGUAGE_STANDARD = gnu11;
				GCC_NO_COMMON_BLOCKS = YES;
				GCC_WARN_64_TO_32_BIT_CONVERSION = YES;
				GCC_WARN_ABOUT_RETURN_TYPE = YES_ERROR;
				GCC_WARN_UNDECLARED_SELECTOR = YES;
				GCC_WARN_UNINITIALIZED_AUTOS = YES_AGGRESSIVE;
				GCC_WARN_UNUSED_FUNCTION = YES;
				GCC_WARN_UNUSED_VARIABLE = YES;
				IPHONEOS_DEPLOYMENT_TARGET = 14.1;
				MTL_ENABLE_DEBUG_INFO = NO;
				MTL_FAST_MATH = YES;
				SDKROOT = iphoneos;
				SWIFT_COMPILATION_MODE = wholemodule;
				SWIFT_OPTIMIZATION_LEVEL = "-O";
				VALIDATE_PRODUCT = YES;
			};
			name = Release;
		};
		F1C15A32263B680400E1FE3E /* Debug */ = {
			isa = XCBuildConfiguration;
			buildSettings = {
				ASSETCATALOG_COMPILER_APPICON_NAME = AppIcon;
				ASSETCATALOG_COMPILER_GLOBAL_ACCENT_COLOR_NAME = AccentColor;
				CODE_SIGN_STYLE = Automatic;
				DEVELOPMENT_TEAM = 943GF8964N;
				INFOPLIST_FILE = MyHelperAppbyFraine/Info.plist;
				LD_RUNPATH_SEARCH_PATHS = (
					"$(inherited)",
					"@executable_path/Frameworks",
				);
				PRODUCT_BUNDLE_IDENTIFIER = fraine.kara.MyHelperAppbyFraine;
				PRODUCT_NAME = "$(TARGET_NAME)";
				SWIFT_VERSION = 5.0;
				TARGETED_DEVICE_FAMILY = "1,2";
			};
			name = Debug;
		};
		F1C15A33263B680400E1FE3E /* Release */ = {
			isa = XCBuildConfiguration;
			buildSettings = {
				ASSETCATALOG_COMPILER_APPICON_NAME = AppIcon;
				ASSETCATALOG_COMPILER_GLOBAL_ACCENT_COLOR_NAME = AccentColor;
				CODE_SIGN_STYLE = Automatic;
				DEVELOPMENT_TEAM = 943GF8964N;
				INFOPLIST_FILE = MyHelperAppbyFraine/Info.plist;
				LD_RUNPATH_SEARCH_PATHS = (
					"$(inherited)",
					"@executable_path/Frameworks",
				);
				PRODUCT_BUNDLE_IDENTIFIER = fraine.kara.MyHelperAppbyFraine;
				PRODUCT_NAME = "$(TARGET_NAME)";
				SWIFT_VERSION = 5.0;
				TARGETED_DEVICE_FAMILY = "1,2";
			};
			name = Release;
		};
		F1C15A35263B680400E1FE3E /* Debug */ = {
			isa = XCBuildConfiguration;
			buildSettings = {
				ALWAYS_EMBED_SWIFT_STANDARD_LIBRARIES = YES;
				BUNDLE_LOADER = "$(TEST_HOST)";
				CODE_SIGN_STYLE = Automatic;
				DEVELOPMENT_TEAM = 943GF8964N;
				INFOPLIST_FILE = MyHelperAppbyFraineTests/Info.plist;
				IPHONEOS_DEPLOYMENT_TARGET = 14.1;
				LD_RUNPATH_SEARCH_PATHS = (
					"$(inherited)",
					"@executable_path/Frameworks",
					"@loader_path/Frameworks",
				);
				PRODUCT_BUNDLE_IDENTIFIER = fraine.kara.MyHelperAppbyFraineTests;
				PRODUCT_NAME = "$(TARGET_NAME)";
				SWIFT_VERSION = 5.0;
				TARGETED_DEVICE_FAMILY = "1,2";
				TEST_HOST = "$(BUILT_PRODUCTS_DIR)/MyHelperAppbyFraine.app/MyHelperAppbyFraine";
			};
			name = Debug;
		};
		F1C15A36263B680400E1FE3E /* Release */ = {
			isa = XCBuildConfiguration;
			buildSettings = {
				ALWAYS_EMBED_SWIFT_STANDARD_LIBRARIES = YES;
				BUNDLE_LOADER = "$(TEST_HOST)";
				CODE_SIGN_STYLE = Automatic;
				DEVELOPMENT_TEAM = 943GF8964N;
				INFOPLIST_FILE = MyHelperAppbyFraineTests/Info.plist;
				IPHONEOS_DEPLOYMENT_TARGET = 14.1;
				LD_RUNPATH_SEARCH_PATHS = (
					"$(inherited)",
					"@executable_path/Frameworks",
					"@loader_path/Frameworks",
				);
				PRODUCT_BUNDLE_IDENTIFIER = fraine.kara.MyHelperAppbyFraineTests;
				PRODUCT_NAME = "$(TARGET_NAME)";
				SWIFT_VERSION = 5.0;
				TARGETED_DEVICE_FAMILY = "1,2";
				TEST_HOST = "$(BUILT_PRODUCTS_DIR)/MyHelperAppbyFraine.app/MyHelperAppbyFraine";
			};
			name = Release;
		};
		F1C15A38263B680400E1FE3E /* Debug */ = {
			isa = XCBuildConfiguration;
			buildSettings = {
				ALWAYS_EMBED_SWIFT_STANDARD_LIBRARIES = YES;
				CODE_SIGN_STYLE = Automatic;
				DEVELOPMENT_TEAM = 943GF8964N;
				INFOPLIST_FILE = MyHelperAppbyFraineUITests/Info.plist;
				LD_RUNPATH_SEARCH_PATHS = (
					"$(inherited)",
					"@executable_path/Frameworks",
					"@loader_path/Frameworks",
				);
				PRODUCT_BUNDLE_IDENTIFIER = fraine.kara.MyHelperAppbyFraineUITests;
				PRODUCT_NAME = "$(TARGET_NAME)";
				SWIFT_VERSION = 5.0;
				TARGETED_DEVICE_FAMILY = "1,2";
				TEST_TARGET_NAME = MyHelperAppbyFraine;
			};
			name = Debug;
		};
		F1C15A39263B680400E1FE3E /* Release */ = {
			isa = XCBuildConfiguration;
			buildSettings = {
				ALWAYS_EMBED_SWIFT_STANDARD_LIBRARIES = YES;
				CODE_SIGN_STYLE = Automatic;
				DEVELOPMENT_TEAM = 943GF8964N;
				INFOPLIST_FILE = MyHelperAppbyFraineUITests/Info.plist;
				LD_RUNPATH_SEARCH_PATHS = (
					"$(inherited)",
					"@executable_path/Frameworks",
					"@loader_path/Frameworks",
				);
				PRODUCT_BUNDLE_IDENTIFIER = fraine.kara.MyHelperAppbyFraineUITests;
				PRODUCT_NAME = "$(TARGET_NAME)";
				SWIFT_VERSION = 5.0;
				TARGETED_DEVICE_FAMILY = "1,2";
				TEST_TARGET_NAME = MyHelperAppbyFraine;
			};
			name = Release;
		};
/* End XCBuildConfiguration section */

/* Begin XCConfigurationList section */
		F1C15A02263B67BA00E1FE3E /* Build configuration list for PBXProject "MyHelperAppbyFraine" */ = {
			isa = XCConfigurationList;
			buildConfigurations = (
				F1C15A2F263B680400E1FE3E /* Debug */,
				F1C15A30263B680400E1FE3E /* Release */,
			);
			defaultConfigurationIsVisible = 0;
			defaultConfigurationName = Release;
		};
		F1C15A31263B680400E1FE3E /* Build configuration list for PBXNativeTarget "MyHelperAppbyFraine" */ = {
			isa = XCConfigurationList;
			buildConfigurations = (
				F1C15A32263B680400E1FE3E /* Debug */,
				F1C15A33263B680400E1FE3E /* Release */,
			);
			defaultConfigurationIsVisible = 0;
			defaultConfigurationName = Release;
		};
		F1C15A34263B680400E1FE3E /* Build configuration list for PBXNativeTarget "MyHelperAppbyFraineTests" */ = {
			isa = XCConfigurationList;
			buildConfigurations = (
				F1C15A35263B680400E1FE3E /* Debug */,
				F1C15A36263B680400E1FE3E /* Release */,
			);
			defaultConfigurationIsVisible = 0;
			defaultConfigurationName = Release;
		};
		F1C15A37263B680400E1FE3E /* Build configuration list for PBXNativeTarget "MyHelperAppbyFraineUITests" */ = {
			isa = XCConfigurationList;
			buildConfigurations = (
				F1C15A38263B680400E1FE3E /* Debug */,
				F1C15A39263B680400E1FE3E /* Release */,
			);
			defaultConfigurationIsVisible = 0;
			defaultConfigurationName = Release;
		};
/* End XCConfigurationList section */
	};
	rootObject = F1C159FF263B67BA00E1FE3E /* Project object */;
}
